
Microsoft Visual Studio Solution File, Format Version 12.00
# Visual Studio Version 16
VisualStudioVersion = 16.0.30804.86
MinimumVisualStudioVersion = 10.0.40219.1
Project("{F184B08F-C81C-45F6-A57F-5ABD9991F28F}") = "Etch-A-Sketch", "Etch-A-Sketch.vbproj", "{BB634933-6A67-4648-BFA0-42D3BD88FD1D}"
EndProject
Global
	GlobalSection(SolutionConfigurationPlatforms) = preSolution
		Debug|Any CPU = Debug|Any CPU
		Release|Any CPU = Release|Any CPU
	EndGlobalSection
	GlobalSection(ProjectConfigurationPlatforms) = postSolution
		{BB634933-6A67-4648-BFA0-42D3BD88FD1D}.Debug|Any CPU.ActiveCfg = Debug|Any CPU
		{BB634933-6A67-4648-BFA0-42D3BD88FD1D}.Debug|Any CPU.Build.0 = Debug|Any CPU
		{BB634933-6A67-4648-BFA0-42D3BD88FD1D}.Release|Any CPU.ActiveCfg = Release|Any CPU
		{BB634933-6A67-4648-BFA0-42D3BD88FD1D}.Release|Any CPU.Build.0 = Release|Any CPU
	EndGlobalSection
	GlobalSection(SolutionProperties) = preSolution
		HideSolutionNode = FALSE
	EndGlobalSection
	GlobalSection(ExtensibilityGlobals) = postSolution
		SolutionGuid = {4735E50D-95F9-47C1-8F50-2B44F5F98614}
	EndGlobalSection
EndGlobal
